# DO NOT EDIT MANUALLY - Managed by Fern Replay
version: "1.0"
generations:
  - commit_sha: 38d4da758d87b4f61a01ce2a901509ca40cdce68
    tree_hash: 0ea4dc54f94f526721ddb53d60185e300e6c5845
    timestamp: 2026-06-03T14:06:06.319Z
    cli_version: unknown
    generator_versions: {}
current_generation: 38d4da758d87b4f61a01ce2a901509ca40cdce68
patches: []
