# DO NOT EDIT MANUALLY - Managed by Fern Replay
version: "1.0"
generations:
  - commit_sha: 38d4da758d87b4f61a01ce2a901509ca40cdce68
    tree_hash: 0ea4dc54f94f526721ddb53d60185e300e6c5845
    timestamp: 2026-06-03T14:06:06.319Z
    cli_version: unknown
    generator_versions: {}
  - commit_sha: 443e57b94c9a3e7a2d88832c34a4435a636c89ac
    tree_hash: 6ca7e09ab132047317ec2369758b79c2e7ab9704
    timestamp: 2026-08-14T07:32:02.554Z
    cli_version: unknown
    generator_versions:
      fernapi/fern-go-sdk: 1.43.0
  - commit_sha: 8be569d286a249a7f9e7b677c092af5fec6f4eb4
    tree_hash: 1832bbd89fae29ba3998edc422aa8e8eb42a8329
    timestamp: 2026-09-05T10:07:00.112Z
    cli_version: unknown
    generator_versions:
      fernapi/fern-go-sdk: 1.43.0
current_generation: 8be569d286a249a7f9e7b677c092af5fec6f4eb4
patches: []
