# DO NOT EDIT MANUALLY - Managed by Fern Replay
version: "1.0"
generations:
  - commit_sha: 38d4da758d87b4f61a01ce2a901509ca40cdce68
    tree_hash: 0ea4dc54f94f526721ddb53d60185e300e6c5845
    timestamp: 2026-06-03T14:06:06.319Z
    cli_version: unknown
    generator_versions: {}
  - commit_sha: 443e57b94c9a3e7a2d88832c34a4435a636c89ac
    tree_hash: 6ca7e09ab132047317ec2369758b79c2e7ab9704
    timestamp: 2026-08-14T07:32:02.554Z
    cli_version: unknown
    generator_versions:
      fernapi/fern-go-sdk: 1.43.0
  - commit_sha: 5c00a86987d6880ed8161f6d1f312f5755e92ba1
    tree_hash: 9d521d5a7a337d23853bcf7b5c71a7900f0e53f4
    timestamp: 2026-09-23T23:10:38.518Z
    cli_version: unknown
    generator_versions:
      fernapi/fern-go-sdk: 1.43.0
  - commit_sha: 4a6a88f10e1d4d714ff3d2355b39cef4b002ac96
    tree_hash: 89437810f07b26f7c35e4aa9609b0cc7757948be
    timestamp: 2026-09-25T15:17:37.582Z
    cli_version: unknown
    generator_versions:
      fernapi/fern-go-sdk: 1.43.0
current_generation: 4a6a88f10e1d4d714ff3d2355b39cef4b002ac96
patches: []
